# THIS IS AN AUTOGENERATED FILE. DO NOT EDIT THIS FILE DIRECTLY.
# yarn lockfile v1


"@puhaha/upload-oss@^1.0.0":
  version "1.0.0"
  resolved "https://registry.npmjs.org/@puhaha/upload-oss/-/upload-oss-1.0.0.tgz#00f90575b7b962d2a085fa1d207acdfb1dedd8fb"
  integrity sha512-yeRlWj42LsJkiNwqDVntz17SHe4IVusQAS+Id1J4RLl7YgGS2WDjxZbk+tjggU9peGRu4GHp3s1Fv3b5kEf0hg==
